
Microsoft Visual Studio Solution File, Format Version 12.00
# Visual Studio 15
VisualStudioVersion = 15.0.28307.1022
MinimumVisualStudioVersion = 10.0.40219.1
Project("{FAE04EC0-301F-11D3-BF4B-00C04F79EFBC}") = "DoNotSleep", "DoNotSleep\DoNotSleep.csproj", "{3D0621BF-23EC-4BF3-8825-CBE643749B58}"
EndProject
Global
	GlobalSection(SolutionConfigurationPlatforms) = preSolution
		Debug|Any CPU = Debug|Any CPU
		Release|Any CPU = Release|Any CPU
	EndGlobalSection
	GlobalSection(ProjectConfigurationPlatforms) = postSolution
		{3D0621BF-23EC-4BF3-8825-CBE643749B58}.Debug|Any CPU.ActiveCfg = Debug|Any CPU
		{3D0621BF-23EC-4BF3-8825-CBE643749B58}.Debug|Any CPU.Build.0 = Debug|Any CPU
		{3D0621BF-23EC-4BF3-8825-CBE643749B58}.Release|Any CPU.ActiveCfg = Release|Any CPU
		{3D0621BF-23EC-4BF3-8825-CBE643749B58}.Release|Any CPU.Build.0 = Release|Any CPU
	EndGlobalSection
	GlobalSection(SolutionProperties) = preSolution
		HideSolutionNode = FALSE
	EndGlobalSection
	GlobalSection(ExtensibilityGlobals) = postSolution
		SolutionGuid = {A8A87468-4A75-4667-AD08-72BD6518874C}
	EndGlobalSection
EndGlobal
